
Microsoft Visual Studio Solution File, Format Version 12.00
# Visual Studio Version 16
VisualStudioVersion = 16.0.810.22
MinimumVisualStudioVersion = 10.0.40219.1
Project("{FAE04EC0-301F-11D3-BF4B-00C04F79EFBC}") = "code-challenge", "code-challenge\code-challenge.csproj", "{EC544127-2042-4A1C-B67C-C73395CF0520}"
EndProject
Global
	GlobalSection(SolutionConfigurationPlatforms) = preSolution
		Debug|Any CPU = Debug|Any CPU
		Release|Any CPU = Release|Any CPU
	EndGlobalSection
	GlobalSection(ProjectConfigurationPlatforms) = postSolution
		{EC544127-2042-4A1C-B67C-C73395CF0520}.Debug|Any CPU.ActiveCfg = Debug|Any CPU
		{EC544127-2042-4A1C-B67C-C73395CF0520}.Debug|Any CPU.Build.0 = Debug|Any CPU
		{EC544127-2042-4A1C-B67C-C73395CF0520}.Release|Any CPU.ActiveCfg = Release|Any CPU
		{EC544127-2042-4A1C-B67C-C73395CF0520}.Release|Any CPU.Build.0 = Release|Any CPU
	EndGlobalSection
	GlobalSection(SolutionProperties) = preSolution
		HideSolutionNode = FALSE
	EndGlobalSection
	GlobalSection(ExtensibilityGlobals) = postSolution
		SolutionGuid = {66AE2245-C4AE-42F2-8903-2BB08EC0C029}
	EndGlobalSection
EndGlobal
